# THIS IS AN AUTOGENERATED FILE. DO NOT EDIT THIS FILE DIRECTLY.
# yarn lockfile v1


"@babel/helper-string-parser@^7.23.4":
  version "7.23.4"
  resolved "https://registry.yarnpkg.com/@babel/helper-string-parser/-/helper-string-parser-7.23.4.tgz#9478c707febcbbe1ddb38a3d91a2e054ae622d83"
  integrity sha512-803gmbQdqwdf4olxrX4AJyFBV/RTr3rSmOj0rKwesmzlfhYNDEs+/iOcznzpNWlJlIlTJC2QfPFcHB6DlzdVLQ==

"@babel/helper-validator-identifier@^7.22.20":
  version "7.22.20"
  resolved "https://registry.yarnpkg.com/@babel/helper-validator-identifier/-/helper-validator-identifier-7.22.20.tgz#c4ae002c61d2879e724581d96665583dbc1dc0e0"
  integrity sha512-Y4OZ+ytlatR8AI+8KZfKuL5urKp7qey08ha31L8b3BwewJAoJamTzyvxPR/5D+KkdJCGPq/+8TukHBlY10FX9A==

"@babel/parser@^7.1.0", "@babel/parser@^7.20.7":
  version "7.24.0"
  resolved "https://registry.yarnpkg.com/@babel/parser/-/parser-7.24.0.tgz#26a3d1ff49031c53a97d03b604375f028746a9ac"
  integrity sha512-QuP/FxEAzMSjXygs8v4N9dvdXzEHN4W1oF3PxuWAtPo08UdM17u89RDMgjLn/mlc56iM0HlLmVkO/wgR+rDgHg==

"@babel/types@^7.0.0", "@babel/types@^7.20.7":
  version "7.24.0"
  resolved "https://registry.yarnpkg.com/@babel/types/-/types-7.24.0.tgz#3b951f435a92e7333eba05b7566fd297960ea1bf"
  integrity sha512-+j7a5c253RfKh8iABBhywc8NSfP5LURe7Uh4qpsh6jc+aLJguvmIUBdjSdEMQv2bENrCR5MfRdjGo7vzS/ob7w==
  dependencies:
    "@babel/helper-string-parser" "^7.23.4"
    "@babel/helper-validator-identifier" "^7.22.20"
    to-fast-properties "^2.0.0"

"@emotion/use-insertion-effect-with-fallbacks@^1.0.0", "@emotion/use-insertion-effect-with-fallbacks@^1.0.1":
  version "1.0.1"
  resolved "https://registry.yarnpkg.com/@emotion/use-insertion-effect-with-fallbacks/-/use-insertion-effect-with-fallbacks-1.0.1.tgz#08de79f54eb3406f9daaf77c76e35313da963963"
  integrity sha512-jT/qyKZ9rzLErtrjGgdkMBn2OP8wl0G3sQlBb3YPryvKHsjvINUhVaPFfP+fpBcOkmrVOVEEHQFJ7nbj2TH2gw==

"@storybook/addons@^7.6.17":
  version "7.6.17"
  resolved "https://registry.yarnpkg.com/@storybook/addons/-/addons-7.6.17.tgz#6fd78ae3a3419bd91fdacbebd40062eb94f92155"
  integrity sha512-Ok18Y698Ccyg++MoUNJNHY0cXUvo8ETFIRLJk1g9ElJ70j6kPgNnzW2pAtZkBNmswHtofZ7pT156cj96k/LgfA==
  dependencies:
    "@storybook/manager-api" "7.6.17"
    "@storybook/preview-api" "7.6.17"
    "@storybook/types" "7.6.17"

"@storybook/channels@7.6.17":
  version "7.6.17"
  resolved "https://registry.yarnpkg.com/@storybook/channels/-/channels-7.6.17.tgz#5be1d1222a3ffdc90e1868230c2b2ee5dfc7a97f"
  integrity sha512-GFG40pzaSxk1hUr/J/TMqW5AFDDPUSu+HkeE/oqSWJbOodBOLJzHN6CReJS6y1DjYSZLNFt1jftPWZZInG/XUA==
  dependencies:
    "@storybook/client-logger" "7.6.17"
    "@storybook/core-events" "7.6.17"
    "@storybook/global" "^5.0.0"
    qs "^6.10.0"
    telejson "^7.2.0"
    tiny-invariant "^1.3.1"

"@storybook/client-logger@7.6.17":
  version "7.6.17"
  resolved "https://registry.yarnpkg.com/@storybook/client-logger/-/client-logger-7.6.17.tgz#5031c47b7df8d8792fe9dfed5828222f515e5803"
  integrity sha512-6WBYqixAXNAXlSaBWwgljWpAu10tPRBJrcFvx2gPUne58EeMM20Gi/iHYBz2kMCY+JLAgeIH7ZxInqwO8vDwiQ==
  dependencies:
    "@storybook/global" "^5.0.0"

"@storybook/client-logger@8.0.0":
  version "8.0.0"
  resolved "https://registry.yarnpkg.com/@storybook/client-logger/-/client-logger-8.0.0.tgz#0fc7cc812de9eb42125fe85752d9f54090b518bf"
  integrity sha512-olc1vUfaZNkXc7L8UoCdGmyBieHQbsaB+0vVoivYMSa1DHYtXE75RefU3lhMSGrkvIZmXMvfaIDmnyJIOB5FxA==
  dependencies:
    "@storybook/global" "^5.0.0"

"@storybook/core-events@7.6.17":
  version "7.6.17"
  resolved "https://registry.yarnpkg.com/@storybook/core-events/-/core-events-7.6.17.tgz#9e1a795558193089fb227cfe2cf768c99418a640"
  integrity sha512-AriWMCm/k1cxlv10f+jZ1wavThTRpLaN3kY019kHWbYT9XgaSuLU67G7GPr3cGnJ6HuA6uhbzu8qtqVCd6OfXA==
  dependencies:
    ts-dedent "^2.0.0"

"@storybook/csf@^0.1.2":
  version "0.1.2"
  resolved "https://registry.yarnpkg.com/@storybook/csf/-/csf-0.1.2.tgz#8e7452f0097507f5841b5ade3f5da1525bc9afb2"
  integrity sha512-ePrvE/pS1vsKR9Xr+o+YwdqNgHUyXvg+1Xjx0h9LrVx7Zq4zNe06pd63F5EvzTbCbJsHj7GHr9tkiaqm7U8WRA==
  dependencies:
    type-fest "^2.19.0"

"@storybook/global@^5.0.0":
  version "5.0.0"
  resolved "https://registry.yarnpkg.com/@storybook/global/-/global-5.0.0.tgz#b793d34b94f572c1d7d9e0f44fac4e0dbc9572ed"
  integrity sha512-FcOqPAXACP0I3oJ/ws6/rrPT9WGhu915Cg8D02a9YxLo0DE9zI+a9A5gRGvmQ09fiWPukqI8ZAEoQEdWUKMQdQ==

"@storybook/manager-api@7.6.17":
  version "7.6.17"
  resolved "https://registry.yarnpkg.com/@storybook/manager-api/-/manager-api-7.6.17.tgz#cdf0bb8e5bdc3da2559150125b3d6a3ff72f0def"
  integrity sha512-IJIV1Yc6yw1dhCY4tReHCfBnUKDqEBnMyHp3mbXpsaHxnxJZrXO45WjRAZIKlQKhl/Ge1CrnznmHRCmYgqmrWg==
  dependencies:
    "@storybook/channels" "7.6.17"
    "@storybook/client-logger" "7.6.17"
    "@storybook/core-events" "7.6.17"
    "@storybook/csf" "^0.1.2"
    "@storybook/global" "^5.0.0"
    "@storybook/router" "7.6.17"
    "@storybook/theming" "7.6.17"
    "@storybook/types" "7.6.17"
    dequal "^2.0.2"
    lodash "^4.17.21"
    memoizerific "^1.11.3"
    store2 "^2.14.2"
    telejson "^7.2.0"
    ts-dedent "^2.0.0"

"@storybook/preview-api@7.6.17":
  version "7.6.17"
  resolved "https://registry.yarnpkg.com/@storybook/preview-api/-/preview-api-7.6.17.tgz#03dd399bf3bb8ac6f4aad3c738365b86b8790157"
  integrity sha512-wLfDdI9RWo1f2zzFe54yRhg+2YWyxLZvqdZnSQ45mTs4/7xXV5Wfbv3QNTtcdw8tT3U5KRTrN1mTfTCiRJc0Kw==
  dependencies:
    "@storybook/channels" "7.6.17"
    "@storybook/client-logger" "7.6.17"
    "@storybook/core-events" "7.6.17"
    "@storybook/csf" "^0.1.2"
    "@storybook/global" "^5.0.0"
    "@storybook/types" "7.6.17"
    "@types/qs" "^6.9.5"
    dequal "^2.0.2"
    lodash "^4.17.21"
    memoizerific "^1.11.3"
    qs "^6.10.0"
    synchronous-promise "^2.0.15"
    ts-dedent "^2.0.0"
    util-deprecate "^1.0.2"

"@storybook/router@7.6.17":
  version "7.6.17"
  resolved "https://registry.yarnpkg.com/@storybook/router/-/router-7.6.17.tgz#de5016086191846ed12af7495aeddcc373cbd0d4"
  integrity sha512-GnyC0j6Wi5hT4qRhSyT8NPtJfGmf82uZw97LQRWeyYu5gWEshUdM7aj40XlNiScd5cZDp0owO1idduVF2k2l2A==
  dependencies:
    "@storybook/client-logger" "7.6.17"
    memoizerific "^1.11.3"
    qs "^6.10.0"

"@storybook/theming@7.6.17":
  version "7.6.17"
  resolved "https://registry.yarnpkg.com/@storybook/theming/-/theming-7.6.17.tgz#8170e3e72b921380c51a3970890d4cb479a65c2f"
  integrity sha512-ZbaBt3KAbmBtfjNqgMY7wPMBshhSJlhodyMNQypv+95xLD/R+Az6aBYbpVAOygLaUQaQk4ar7H/Ww6lFIoiFbA==
  dependencies:
    "@emotion/use-insertion-effect-with-fallbacks" "^1.0.0"
    "@storybook/client-logger" "7.6.17"
    "@storybook/global" "^5.0.0"
    memoizerific "^1.11.3"

"@storybook/theming@^8.0.0":
  version "8.0.0"
  resolved "https://registry.yarnpkg.com/@storybook/theming/-/theming-8.0.0.tgz#9f104bb5c3d67386f6b5d8737d7e6a7a5b9a0125"
  integrity sha512-Yu6ybemarPN3RBdsljtvpEVNqnqG1YxDLOmkzl1MFtJ1uA5Zd5mTMjc37iD0WDvLOk8mc1HmEqB5+fDrX0U4Vw==
  dependencies:
    "@emotion/use-insertion-effect-with-fallbacks" "^1.0.1"
    "@storybook/client-logger" "8.0.0"
    "@storybook/global" "^5.0.0"
    memoizerific "^1.11.3"

"@storybook/types@7.6.17":
  version "7.6.17"
  resolved "https://registry.yarnpkg.com/@storybook/types/-/types-7.6.17.tgz#0b3c27cb1708c0545a9ea1a23b73aa8852dd47c4"
  integrity sha512-GRY0xEJQ0PrL7DY2qCNUdIfUOE0Gsue6N+GBJw9ku1IUDFLJRDOF+4Dx2BvYcVCPI5XPqdWKlEyZdMdKjiQN7Q==
  dependencies:
    "@storybook/channels" "7.6.17"
    "@types/babel__core" "^7.0.0"
    "@types/express" "^4.7.0"
    file-system-cache "2.3.0"

"@types/babel__core@^7.0.0":
  version "7.20.5"
  resolved "https://registry.yarnpkg.com/@types/babel__core/-/babel__core-7.20.5.tgz#3df15f27ba85319caa07ba08d0721889bb39c017"
  integrity sha512-qoQprZvz5wQFJwMDqeseRXWv3rqMvhgpbXFfVyWhbx9X47POIA6i/+dXefEmZKoAgOaTdaIgNSMqMIU61yRyzA==
  dependencies:
    "@babel/parser" "^7.20.7"
    "@babel/types" "^7.20.7"
    "@types/babel__generator" "*"
    "@types/babel__template" "*"
    "@types/babel__traverse" "*"

"@types/babel__generator@*":
  version "7.6.8"
  resolved "https://registry.yarnpkg.com/@types/babel__generator/-/babel__generator-7.6.8.tgz#f836c61f48b1346e7d2b0d93c6dacc5b9535d3ab"
  integrity sha512-ASsj+tpEDsEiFr1arWrlN6V3mdfjRMZt6LtK/Vp/kreFLnr5QH5+DhvD5nINYZXzwJvXeGq+05iUXcAzVrqWtw==
  dependencies:
    "@babel/types" "^7.0.0"

"@types/babel__template@*":
  version "7.4.4"
  resolved "https://registry.yarnpkg.com/@types/babel__template/-/babel__template-7.4.4.tgz#5672513701c1b2199bc6dad636a9d7491586766f"
  integrity sha512-h/NUaSyG5EyxBIp8YRxo4RMe2/qQgvyowRwVMzhYhBCONbW8PUsg4lkFMrhgZhUe5z3L3MiLDuvyJ/CaPa2A8A==
  dependencies:
    "@babel/parser" "^7.1.0"
    "@babel/types" "^7.0.0"

"@types/babel__traverse@*":
  version "7.20.5"
  resolved "https://registry.yarnpkg.com/@types/babel__traverse/-/babel__traverse-7.20.5.tgz#7b7502be0aa80cc4ef22978846b983edaafcd4dd"
  integrity sha512-WXCyOcRtH37HAUkpXhUduaxdm82b4GSlyTqajXviN4EfiuPgNYR109xMCKvpl6zPIpua0DGlMEDCq+g8EdoheQ==
  dependencies:
    "@babel/types" "^7.20.7"

"@types/body-parser@*":
  version "1.19.5"
  resolved "https://registry.yarnpkg.com/@types/body-parser/-/body-parser-1.19.5.tgz#04ce9a3b677dc8bd681a17da1ab9835dc9d3ede4"
  integrity sha512-fB3Zu92ucau0iQ0JMCFQE7b/dv8Ot07NI3KaZIkIUNXq82k4eBAqUaneXfleGY9JWskeS9y+u0nXMyspcuQrCg==
  dependencies:
    "@types/connect" "*"
    "@types/node" "*"

"@types/connect@*":
  version "3.4.38"
  resolved "https://registry.yarnpkg.com/@types/connect/-/connect-3.4.38.tgz#5ba7f3bc4fbbdeaff8dded952e5ff2cc53f8d858"
  integrity sha512-K6uROf1LD88uDQqJCktA4yzL1YYAK6NgfsI0v/mTgyPKWsX1CnJ0XPSDhViejru1GcRkLWb8RlzFYJRqGUbaug==
  dependencies:
    "@types/node" "*"

"@types/express-serve-static-core@^4.17.33":
  version "4.17.43"
  resolved "https://registry.yarnpkg.com/@types/express-serve-static-core/-/express-serve-static-core-4.17.43.tgz#10d8444be560cb789c4735aea5eac6e5af45df54"
  integrity sha512-oaYtiBirUOPQGSWNGPWnzyAFJ0BP3cwvN4oWZQY+zUBwpVIGsKUkpBpSztp74drYcjavs7SKFZ4DX1V2QeN8rg==
  dependencies:
    "@types/node" "*"
    "@types/qs" "*"
    "@types/range-parser" "*"
    "@types/send" "*"

"@types/express@^4.7.0":
  version "4.17.21"
  resolved "https://registry.yarnpkg.com/@types/express/-/express-4.17.21.tgz#c26d4a151e60efe0084b23dc3369ebc631ed192d"
  integrity sha512-ejlPM315qwLpaQlQDTjPdsUFSc6ZsP4AN6AlWnogPjQ7CVi7PYF3YVz+CY3jE2pwYf7E/7HlDAN0rV2GxTG0HQ==
  dependencies:
    "@types/body-parser" "*"
    "@types/express-serve-static-core" "^4.17.33"
    "@types/qs" "*"
    "@types/serve-static" "*"

"@types/http-errors@*":
  version "2.0.4"
  resolved "https://registry.yarnpkg.com/@types/http-errors/-/http-errors-2.0.4.tgz#7eb47726c391b7345a6ec35ad7f4de469cf5ba4f"
  integrity sha512-D0CFMMtydbJAegzOyHjtiKPLlvnm3iTZyZRSZoLq2mRhDdmLfIWOCYPfQJ4cu2erKghU++QvjcUjp/5h7hESpA==

"@types/mime@*":
  version "3.0.4"
  resolved "https://registry.yarnpkg.com/@types/mime/-/mime-3.0.4.tgz#2198ac274de6017b44d941e00261d5bc6a0e0a45"
  integrity sha512-iJt33IQnVRkqeqC7PzBHPTC6fDlRNRW8vjrgqtScAhrmMwe8c4Eo7+fUGTa+XdWrpEgpyKWMYmi2dIwMAYRzPw==

"@types/mime@^1":
  version "1.3.5"
  resolved "https://registry.yarnpkg.com/@types/mime/-/mime-1.3.5.tgz#1ef302e01cf7d2b5a0fa526790c9123bf1d06690"
  integrity sha512-/pyBZWSLD2n0dcHE3hq8s8ZvcETHtEuF+3E7XVt0Ig2nvsVQXdghHVcEkIWjy9A0wKfTn97a/PSDYohKIlnP/w==

"@types/node@*":
  version "20.11.26"
  resolved "https://registry.yarnpkg.com/@types/node/-/node-20.11.26.tgz#3fbda536e51d5c79281e1d9657dcb0131baabd2d"
  integrity sha512-YwOMmyhNnAWijOBQweOJnQPl068Oqd4K3OFbTc6AHJwzweUwwWG3GIFY74OKks2PJUDkQPeddOQES9mLn1CTEQ==
  dependencies:
    undici-types "~5.26.4"

"@types/qs@*", "@types/qs@^6.9.5":
  version "6.9.12"
  resolved "https://registry.yarnpkg.com/@types/qs/-/qs-6.9.12.tgz#afa96b383a3a6fdc859453a1892d41b607fc7756"
  integrity sha512-bZcOkJ6uWrL0Qb2NAWKa7TBU+mJHPzhx9jjLL1KHF+XpzEcR7EXHvjbHlGtR/IsP1vyPrehuS6XqkmaePy//mg==

"@types/range-parser@*":
  version "1.2.7"
  resolved "https://registry.yarnpkg.com/@types/range-parser/-/range-parser-1.2.7.tgz#50ae4353eaaddc04044279812f52c8c65857dbcb"
  integrity sha512-hKormJbkJqzQGhziax5PItDUTMAM9uE2XXQmM37dyd4hVM+5aVl7oVxMVUiVQn2oCQFN/LKCZdvSM0pFRqbSmQ==

"@types/send@*":
  version "0.17.4"
  resolved "https://registry.yarnpkg.com/@types/send/-/send-0.17.4.tgz#6619cd24e7270793702e4e6a4b958a9010cfc57a"
  integrity sha512-x2EM6TJOybec7c52BX0ZspPodMsQUd5L6PRwOunVyVUhXiBSKf3AezDL8Dgvgt5o0UfKNfuA0eMLr2wLT4AiBA==
  dependencies:
    "@types/mime" "^1"
    "@types/node" "*"

"@types/serve-static@*":
  version "1.15.5"
  resolved "https://registry.yarnpkg.com/@types/serve-static/-/serve-static-1.15.5.tgz#15e67500ec40789a1e8c9defc2d32a896f05b033"
  integrity sha512-PDRk21MnK70hja/YF8AHfC7yIsiQHn1rcXx7ijCFBX/k+XQJhQT/gw3xekXKJvx+5SXaMMS8oqQy09Mzvz2TuQ==
  dependencies:
    "@types/http-errors" "*"
    "@types/mime" "*"
    "@types/node" "*"

call-bind@^1.0.0:
  version "1.0.2"
  resolved "https://npm.netsells.tools/call-bind/-/call-bind-1.0.2.tgz#b1d4e89e688119c3c9a903ad30abb2f6a919be3c"
  integrity sha512-7O+FbCihrB5WGbFYesctwmTKae6rOiIzmz1icreWJ+0aA7LJfuqhEso2T9ncpcFtzMQtzXf2QGGueWJGTYsqrA==
  dependencies:
    function-bind "^1.1.1"
    get-intrinsic "^1.0.2"

dequal@^2.0.2:
  version "2.0.3"
  resolved "https://registry.yarnpkg.com/dequal/-/dequal-2.0.3.tgz#2644214f1997d39ed0ee0ece72335490a7ac67be"
  integrity sha512-0je+qPKHEMohvfRTCEo3CrPG6cAzAYgmzKyxRiYSSDkS6eGJdyVJm7WaYA5ECaAD9wLB2T4EEeymA5aFVcYXCA==

file-system-cache@2.3.0:
  version "2.3.0"
  resolved "https://registry.yarnpkg.com/file-system-cache/-/file-system-cache-2.3.0.tgz#201feaf4c8cd97b9d0d608e96861bb6005f46fe6"
  integrity sha512-l4DMNdsIPsVnKrgEXbJwDJsA5mB8rGwHYERMgqQx/xAUtChPJMre1bXBzDEqqVbWv9AIbFezXMxeEkZDSrXUOQ==
  dependencies:
    fs-extra "11.1.1"
    ramda "0.29.0"

fs-extra@11.1.1:
  version "11.1.1"
  resolved "https://registry.yarnpkg.com/fs-extra/-/fs-extra-11.1.1.tgz#da69f7c39f3b002378b0954bb6ae7efdc0876e2d"
  integrity sha512-MGIE4HOvQCeUCzmlHs0vXpih4ysz4wg9qiSAu6cd42lVwPbTM1TjV7RusoyQqMmk/95gdQZX72u+YW+c3eEpFQ==
  dependencies:
    graceful-fs "^4.2.0"
    jsonfile "^6.0.1"
    universalify "^2.0.0"

function-bind@^1.1.1:
  version "1.1.1"
  resolved "https://npm.netsells.tools/function-bind/-/function-bind-1.1.1.tgz#a56899d3ea3c9bab874bb9773b7c5ede92f4895d"
  integrity sha512-yIovAzMX49sF8Yl58fSCWJ5svSLuaibPxXQJFLmBObTuCr0Mf1KiPopGM9NiFjiYBCbfaa2Fh6breQ6ANVTI0A==

get-intrinsic@^1.0.2:
  version "1.1.1"
  resolved "https://npm.netsells.tools/get-intrinsic/-/get-intrinsic-1.1.1.tgz#15f59f376f855c446963948f0d24cd3637b4abc6"
  integrity sha512-kWZrnVM42QCiEA2Ig1bG8zjoIMOgxWwYCEeNdwY6Tv/cOSeGpcoX4pXHfKUxNKVoArnrEr2e9srnAxxGIraS9Q==
  dependencies:
    function-bind "^1.1.1"
    has "^1.0.3"
    has-symbols "^1.0.1"

graceful-fs@^4.1.6, graceful-fs@^4.2.0:
  version "4.2.11"
  resolved "https://registry.yarnpkg.com/graceful-fs/-/graceful-fs-4.2.11.tgz#4183e4e8bf08bb6e05bbb2f7d2e0c8f712ca40e3"
  integrity sha512-RbJ5/jmFcNNCcDV5o9eTnBLJ/HszWV0P73bc+Ff4nS/rJj+YaS6IGyiOL0VoBYX+l1Wrl3k63h/KrH+nhJ0XvQ==

has-symbols@^1.0.1:
  version "1.0.2"
  resolved "https://npm.netsells.tools/has-symbols/-/has-symbols-1.0.2.tgz#165d3070c00309752a1236a479331e3ac56f1423"
  integrity sha512-chXa79rL/UC2KlX17jo3vRGz0azaWEx5tGqZg5pO3NUyEJVB17dMruQlzCCOfUvElghKcm5194+BCRvi2Rv/Gw==

has@^1.0.3:
  version "1.0.3"
  resolved "https://npm.netsells.tools/has/-/has-1.0.3.tgz#722d7cbfc1f6aa8241f16dd814e011e1f41e8796"
  integrity sha512-f2dvO0VU6Oej7RkWJGrehjbzMAjFp5/VKPp5tTpWIV4JHHZK1/BxbFRtf/siA2SWTe09caDmVtYYzWEIbBS4zw==
  dependencies:
    function-bind "^1.1.1"

jsonfile@^6.0.1:
  version "6.1.0"
  resolved "https://registry.yarnpkg.com/jsonfile/-/jsonfile-6.1.0.tgz#bc55b2634793c679ec6403094eb13698a6ec0aae"
  integrity sha512-5dgndWOriYSm5cnYaJNhalLNDKOqFwyDB/rr1E9ZsGciGvKPs8R2xYGCacuf3z6K1YKDz182fd+fY3cn3pMqXQ==
  dependencies:
    universalify "^2.0.0"
  optionalDependencies:
    graceful-fs "^4.1.6"

lodash@^4.17.21:
  version "4.17.21"
  resolved "https://npm.netsells.tools/lodash/-/lodash-4.17.21.tgz#679591c564c3bffaae8454cf0b3df370c3d6911c"
  integrity sha512-v2kDEe57lecTulaDIuNTPy3Ry4gLGJ6Z1O3vE1krgXZNrsQ+LFTGHVxVjcXPs17LhbZVGedAJv8XZ1tvj5FvSg==

map-or-similar@^1.5.0:
  version "1.5.0"
  resolved "https://npm.netsells.tools/map-or-similar/-/map-or-similar-1.5.0.tgz#6de2653174adfb5d9edc33c69d3e92a1b76faf08"
  integrity sha1-beJlMXSt+12e3DPGnT6Sobdvrwg=

memoizerific@^1.11.3:
  version "1.11.3"
  resolved "https://npm.netsells.tools/memoizerific/-/memoizerific-1.11.3.tgz#7c87a4646444c32d75438570905f2dbd1b1a805a"
  integrity sha1-fIekZGREwy11Q4VwkF8tvRsagFo=
  dependencies:
    map-or-similar "^1.5.0"

object-inspect@^1.9.0:
  version "1.11.0"
  resolved "https://npm.netsells.tools/object-inspect/-/object-inspect-1.11.0.tgz#9dceb146cedd4148a0d9e51ab88d34cf509922b1"
  integrity sha512-jp7ikS6Sd3GxQfZJPyH3cjcbJF6GZPClgdV+EFygjFLQ5FmW/dRUnTd9PQ9k0JhoNDabWFbpF1yCdSWCC6gexg==

qs@^6.10.0:
  version "6.10.1"
  resolved "https://npm.netsells.tools/qs/-/qs-6.10.1.tgz#4931482fa8d647a5aab799c5271d2133b981fb6a"
  integrity sha512-M528Hph6wsSVOBiYUnGf+K/7w0hNshs/duGsNXPUCLH5XAqjEtiPGwNONLV0tBH8NoGb0mvD5JubnUTrujKDTg==
  dependencies:
    side-channel "^1.0.4"

ramda@0.29.0:
  version "0.29.0"
  resolved "https://registry.yarnpkg.com/ramda/-/ramda-0.29.0.tgz#fbbb67a740a754c8a4cbb41e2a6e0eb8507f55fb"
  integrity sha512-BBea6L67bYLtdbOqfp8f58fPMqEwx0doL+pAi8TZyp2YWz8R9G8z9x75CZI8W+ftqhFHCpEX2cRnUUXK130iKA==

side-channel@^1.0.4:
  version "1.0.4"
  resolved "https://npm.netsells.tools/side-channel/-/side-channel-1.0.4.tgz#efce5c8fdc104ee751b25c58d4290011fa5ea2cf"
  integrity sha512-q5XPytqFEIKHkGdiMIrY10mvLRvnQh42/+GoBlFW3b2LXLE2xxJpZFdm94we0BaoV3RwJyGqg5wS7epxTv0Zvw==
  dependencies:
    call-bind "^1.0.0"
    get-intrinsic "^1.0.2"
    object-inspect "^1.9.0"

store2@^2.14.2:
  version "2.14.3"
  resolved "https://registry.yarnpkg.com/store2/-/store2-2.14.3.tgz#24077d7ba110711864e4f691d2af941ec533deb5"
  integrity sha512-4QcZ+yx7nzEFiV4BMLnr/pRa5HYzNITX2ri0Zh6sT9EyQHbBHacC6YigllUPU9X3D0f/22QCgfokpKs52YRrUg==

synchronous-promise@^2.0.15:
  version "2.0.17"
  resolved "https://registry.yarnpkg.com/synchronous-promise/-/synchronous-promise-2.0.17.tgz#38901319632f946c982152586f2caf8ddc25c032"
  integrity sha512-AsS729u2RHUfEra9xJrE39peJcc2stq2+poBXX8bcM08Y6g9j/i/PUzwNQqkaJde7Ntg1TO7bSREbR5sdosQ+g==

telejson@^7.2.0:
  version "7.2.0"
  resolved "https://registry.yarnpkg.com/telejson/-/telejson-7.2.0.tgz#3994f6c9a8f8d7f2dba9be2c7c5bbb447e876f32"
  integrity sha512-1QTEcJkJEhc8OnStBx/ILRu5J2p0GjvWsBx56bmZRqnrkdBMUe+nX92jxV+p3dB4CP6PZCdJMQJwCggkNBMzkQ==
  dependencies:
    memoizerific "^1.11.3"

tiny-invariant@^1.3.1:
  version "1.3.3"
  resolved "https://registry.yarnpkg.com/tiny-invariant/-/tiny-invariant-1.3.3.tgz#46680b7a873a0d5d10005995eb90a70d74d60127"
  integrity sha512-+FbBPE1o9QAYvviau/qC5SE3caw21q3xkvWKBtja5vgqOWIHHJ3ioaq1VPfn/Szqctz2bU/oYeKd9/z5BL+PVg==

to-fast-properties@^2.0.0:
  version "2.0.0"
  resolved "https://npm.netsells.tools/to-fast-properties/-/to-fast-properties-2.0.0.tgz#dc5e698cbd079265bc73e0377681a4e4e83f616e"
  integrity sha1-3F5pjL0HkmW8c+A3doGk5Og/YW4=

ts-dedent@^2.0.0:
  version "2.2.0"
  resolved "https://npm.netsells.tools/ts-dedent/-/ts-dedent-2.2.0.tgz#39e4bd297cd036292ae2394eb3412be63f563bb5"
  integrity sha512-q5W7tVM71e2xjHZTlgfTDoPF/SmqKG5hddq9SzR49CH2hayqRKJtQ4mtRlSxKaJlR/+9rEM+mnBHf7I2/BQcpQ==

type-fest@^2.19.0:
  version "2.19.0"
  resolved "https://registry.yarnpkg.com/type-fest/-/type-fest-2.19.0.tgz#88068015bb33036a598b952e55e9311a60fd3a9b"
  integrity sha512-RAH822pAdBgcNMAfWnCBU3CFZcfZ/i1eZjwFU/dsLKumyuuP3niueg2UAukXYF0E2AAoc82ZSSf9J0WQBinzHA==

undici-types@~5.26.4:
  version "5.26.5"
  resolved "https://registry.yarnpkg.com/undici-types/-/undici-types-5.26.5.tgz#bcd539893d00b56e964fd2657a4866b221a65617"
  integrity sha512-JlCMO+ehdEIKqlFxk6IfVoAUVmgz7cU7zD/h9XZ0qzeosSHmUJVOzSQvvYSYWXkFXC+IfLKSIffhv0sVZup6pA==

universalify@^2.0.0:
  version "2.0.1"
  resolved "https://registry.yarnpkg.com/universalify/-/universalify-2.0.1.tgz#168efc2180964e6386d061e094df61afe239b18d"
  integrity sha512-gptHNQghINnc/vTGIk0SOFGFNXw7JVrlRUtConJRlvaw6DuX0wO5Jeko9sWrMBhh+PsYAZ7oXAiOnf/UKogyiw==

util-deprecate@^1.0.2:
  version "1.0.2"
  resolved "https://npm.netsells.tools/util-deprecate/-/util-deprecate-1.0.2.tgz#450d4dc9fa70de732762fbd2d4a28981419a0ccf"
  integrity sha1-RQ1Nyfpw3nMnYvvS1KKJgUGaDM8=
